// !$*UTF8*$!
{
	archiveVersion = 1;
	classes = {
	};
	objectVersion = 56;
	objects = {

/* Begin PBXBuildFile section */
		1B08D6672926EB9D00B7038A /* HolidayGiftsListApp.swift in Sources */ = {isa = PBXBuildFile; fileRef = 1B08D6662926EB9D00B7038A /* HolidayGiftsListApp.swift */; };
		1B08D6692926EB9D00B7038A /* GiftsList.swift in Sources */ = {isa = PBXBuildFile; fileRef = 1B08D6682926EB9D00B7038A /* GiftsList.swift */; };
		1B08D66B2926EB9F00B7038A /* Assets.xcassets in Resources */ = {isa = PBXBuildFile; fileRef = 1B08D66A2926EB9F00B7038A /* Assets.xcassets */; };
		1B08D66F2926EB9F00B7038A /* Preview Assets.xcassets in Resources */ = {isa = PBXBuildFile; fileRef = 1B08D66E2926EB9F00B7038A /* Preview Assets.xcassets */; };
		1B08D6762926EBCF00B7038A /* Gift.swift in Sources */ = {isa = PBXBuildFile; fileRef = 1B08D6752926EBCF00B7038A /* Gift.swift */; };
		1B08D6782926EC6800B7038A /* GiftsData.swift in Sources */ = {isa = PBXBuildFile; fileRef = 1B08D6772926EC6800B7038A /* GiftsData.swift */; };
		1B08D67A2926ED0900B7038A /* Recipient.swift in Sources */ = {isa = PBXBuildFile; fileRef = 1B08D6792926ED0900B7038A /* Recipient.swift */; };
		1B08D67C2927112C00B7038A /* CloudController.swift in Sources */ = {isa = PBXBuildFile; fileRef = 1B08D67B2927112C00B7038A /* CloudController.swift */; };
		1B08D67E2927118C00B7038A /* UserDefaults.swift in Sources */ = {isa = PBXBuildFile; fileRef = 1B08D67D2927118C00B7038A /* UserDefaults.swift */; };
		1B08D6802927140300B7038A /* RootView.swift in Sources */ = {isa = PBXBuildFile; fileRef = 1B08D67F2927140300B7038A /* RootView.swift */; };
		1B08D682292714D000B7038A /* GiftView.swift in Sources */ = {isa = PBXBuildFile; fileRef = 1B08D681292714D000B7038A /* GiftView.swift */; };
		1B08D6842927299500B7038A /* GiftRow.swift in Sources */ = {isa = PBXBuildFile; fileRef = 1B08D6832927299500B7038A /* GiftRow.swift */; };
		1B08D686292737A000B7038A /* SettingsView.swift in Sources */ = {isa = PBXBuildFile; fileRef = 1B08D685292737A000B7038A /* SettingsView.swift */; };
		1B5C415929EA257400BF89D2 /* Cloud.xcdatamodeld in Sources */ = {isa = PBXBuildFile; fileRef = 1B5C415729EA257400BF89D2 /* Cloud.xcdatamodeld */; };
		1B6896CE2932B4B8004E6730 /* BiometricAuthentication.swift in Sources */ = {isa = PBXBuildFile; fileRef = 1B6896CD2932B4B8004E6730 /* BiometricAuthentication.swift */; };
/* End PBXBuildFile section */

/* Begin PBXFileReference section */
		1B08D6632926EB9D00B7038A /* Holiday Gifts List.app */ = {isa = PBXFileReference; explicitFileType = wrapper.application; includeInIndex = 0; path = "Holiday Gifts List.app"; sourceTree = BUILT_PRODUCTS_DIR; };
		1B08D6662926EB9D00B7038A /* HolidayGiftsListApp.swift */ = {isa = PBXFileReference; lastKnownFileType = sourcecode.swift; path = HolidayGiftsListApp.swift; sourceTree = "<group>"; };
		1B08D6682926EB9D00B7038A /* GiftsList.swift */ = {isa = PBXFileReference; lastKnownFileType = sourcecode.swift; path = GiftsList.swift; sourceTree = "<group>"; };
		1B08D66A2926EB9F00B7038A /* Assets.xcassets */ = {isa = PBXFileReference; lastKnownFileType = folder.assetcatalog; path = Assets.xcassets; sourceTree = "<group>"; };
		1B08D66C2926EB9F00B7038A /* Holiday_Gifts_List.entitlements */ = {isa = PBXFileReference; lastKnownFileType = text.plist.entitlements; path = Holiday_Gifts_List.entitlements; sourceTree = "<group>"; };
		1B08D66E2926EB9F00B7038A /* Preview Assets.xcassets */ = {isa = PBXFileReference; lastKnownFileType = folder.assetcatalog; path = "Preview Assets.xcassets"; sourceTree = "<group>"; };
		1B08D6752926EBCF00B7038A /* Gift.swift */ = {isa = PBXFileReference; lastKnownFileType = sourcecode.swift; path = Gift.swift; sourceTree = "<group>"; };
		1B08D6772926EC6800B7038A /* GiftsData.swift */ = {isa = PBXFileReference; lastKnownFileType = sourcecode.swift; path = GiftsData.swift; sourceTree = "<group>"; };
		1B08D6792926ED0900B7038A /* Recipient.swift */ = {isa = PBXFileReference; lastKnownFileType = sourcecode.swift; path = Recipient.swift; sourceTree = "<group>"; };
		1B08D67B2927112C00B7038A /* CloudController.swift */ = {isa = PBXFileReference; lastKnownFileType = sourcecode.swift; path = CloudController.swift; sourceTree = "<group>"; };
		1B08D67D2927118C00B7038A /* UserDefaults.swift */ = {isa = PBXFileReference; lastKnownFileType = sourcecode.swift; path = UserDefaults.swift; sourceTree = "<group>"; };
		1B08D67F2927140300B7038A /* RootView.swift */ = {isa = PBXFileReference; lastKnownFileType = sourcecode.swift; path = RootView.swift; sourceTree = "<group>"; };
		1B08D681292714D000B7038A /* GiftView.swift */ = {isa = PBXFileReference; lastKnownFileType = sourcecode.swift; path = GiftView.swift; sourceTree = "<group>"; };
		1B08D6832927299500B7038A /* GiftRow.swift */ = {isa = PBXFileReference; lastKnownFileType = sourcecode.swift; path = GiftRow.swift; sourceTree = "<group>"; };
		1B08D685292737A000B7038A /* SettingsView.swift */ = {isa = PBXFileReference; lastKnownFileType = sourcecode.swift; path = SettingsView.swift; sourceTree = "<group>"; };
		1B5C415829EA257400BF89D2 /* Gift.xcdatamodel */ = {isa = PBXFileReference; lastKnownFileType = wrapper.xcdatamodel; path = Gift.xcdatamodel; sourceTree = "<group>"; };
		1B6896CD2932B4B8004E6730 /* BiometricAuthentication.swift */ = {isa = PBXFileReference; lastKnownFileType = sourcecode.swift; path = BiometricAuthentication.swift; sourceTree = "<group>"; };
		1B7CBBE02931B08E0020F5E4 /* Holiday-Gifts-List-Info.plist */ = {isa = PBXFileReference; lastKnownFileType = text.plist; path = "Holiday-Gifts-List-Info.plist"; sourceTree = SOURCE_ROOT; };
/* End PBXFileReference section */

/* Begin PBXFrameworksBuildPhase section */
		1B08D6602926EB9D00B7038A /* Frameworks */ = {
			isa = PBXFrameworksBuildPhase;
			buildActionMask = 2147483647;
			files = (
			);
			runOnlyForDeploymentPostprocessing = 0;
		};
/* End PBXFrameworksBuildPhase section */

/* Begin PBXGroup section */
		1B08D65A2926EB9D00B7038A = {
			isa = PBXGroup;
			children = (
				1B08D6652926EB9D00B7038A /* Holiday Gifts List */,
				1B08D6642926EB9D00B7038A /* Products */,
			);
			sourceTree = "<group>";
		};
		1B08D6642926EB9D00B7038A /* Products */ = {
			isa = PBXGroup;
			children = (
				1B08D6632926EB9D00B7038A /* Holiday Gifts List.app */,
			);
			name = Products;
			sourceTree = "<group>";
		};
		1B08D6652926EB9D00B7038A /* Holiday Gifts List */ = {
			isa = PBXGroup;
			children = (
				1B7CBBE02931B08E0020F5E4 /* Holiday-Gifts-List-Info.plist */,
				1B08D6662926EB9D00B7038A /* HolidayGiftsListApp.swift */,
				1B869A99294196E2005E65F0 /* Views */,
				1B869A98294196D9005E65F0 /* Models */,
				1B08D66A2926EB9F00B7038A /* Assets.xcassets */,
				1B5C415729EA257400BF89D2 /* Cloud.xcdatamodeld */,
				1B08D66C2926EB9F00B7038A /* Holiday_Gifts_List.entitlements */,
				1B08D66D2926EB9F00B7038A /* Preview Content */,
			);
			path = "Holiday Gifts List";
			sourceTree = "<group>";
		};
		1B08D66D2926EB9F00B7038A /* Preview Content */ = {
			isa = PBXGroup;
			children = (
				1B08D66E2926EB9F00B7038A /* Preview Assets.xcassets */,
			);
			path = "Preview Content";
			sourceTree = "<group>";
		};
		1B869A98294196D9005E65F0 /* Models */ = {
			isa = PBXGroup;
			children = (
				1B08D67B2927112C00B7038A /* CloudController.swift */,
				1B6896CD2932B4B8004E6730 /* BiometricAuthentication.swift */,
				1B08D6772926EC6800B7038A /* GiftsData.swift */,
				1B08D67D2927118C00B7038A /* UserDefaults.swift */,
				1B08D6752926EBCF00B7038A /* Gift.swift */,
				1B08D6792926ED0900B7038A /* Recipient.swift */,
			);
			path = Models;
			sourceTree = "<group>";
		};
		1B869A99294196E2005E65F0 /* Views */ = {
			isa = PBXGroup;
			children = (
				1B08D67F2927140300B7038A /* RootView.swift */,
				1B08D6682926EB9D00B7038A /* GiftsList.swift */,
				1B08D6832927299500B7038A /* GiftRow.swift */,
				1B08D681292714D000B7038A /* GiftView.swift */,
				1B08D685292737A000B7038A /* SettingsView.swift */,
			);
			path = Views;
			sourceTree = "<group>";
		};
/* End PBXGroup section */

/* Begin PBXNativeTarget section */
		1B08D6622926EB9D00B7038A /* Holiday Gifts List */ = {
			isa = PBXNativeTarget;
			buildConfigurationList = 1B08D6722926EB9F00B7038A /* Build configuration list for PBXNativeTarget "Holiday Gifts List" */;
			buildPhases = (
				1B08D65F2926EB9D00B7038A /* Sources */,
				1B08D6602926EB9D00B7038A /* Frameworks */,
				1B08D6612926EB9D00B7038A /* Resources */,
			);
			buildRules = (
			);
			dependencies = (
			);
			name = "Holiday Gifts List";
			productName = "Holiday Gifts List";
			productReference = 1B08D6632926EB9D00B7038A /* Holiday Gifts List.app */;
			productType = "com.apple.product-type.application";
		};
/* End PBXNativeTarget section */

/* Begin PBXProject section */
		1B08D65B2926EB9D00B7038A /* Project object */ = {
			isa = PBXProject;
			attributes = {
				BuildIndependentTargetsInParallel = 1;
				LastSwiftUpdateCheck = 1410;
				LastUpgradeCheck = 1410;
				TargetAttributes = {
					1B08D6622926EB9D00B7038A = {
						CreatedOnToolsVersion = 14.1;
					};
				};
			};
			buildConfigurationList = 1B08D65E2926EB9D00B7038A /* Build configuration list for PBXProject "Holiday Gifts List" */;
			compatibilityVersion = "Xcode 14.0";
			developmentRegion = en;
			hasScannedForEncodings = 0;
			knownRegions = (
				en,
				Base,
			);
			mainGroup = 1B08D65A2926EB9D00B7038A;
			productRefGroup = 1B08D6642926EB9D00B7038A /* Products */;
			projectDirPath = "";
			projectRoot = "";
			targets = (
				1B08D6622926EB9D00B7038A /* Holiday Gifts List */,
			);
		};
/* End PBXProject section */

/* Begin PBXResourcesBuildPhase section */
		1B08D6612926EB9D00B7038A /* Resources */ = {
			isa = PBXResourcesBuildPhase;
			buildActionMask = 2147483647;
			files = (
				1B08D66F2926EB9F00B7038A /* Preview Assets.xcassets in Resources */,
				1B08D66B2926EB9F00B7038A /* Assets.xcassets in Resources */,
			);
			runOnlyForDeploymentPostprocessing = 0;
		};
/* End PBXResourcesBuildPhase section */

/* Begin PBXSourcesBuildPhase section */
		1B08D65F2926EB9D00B7038A /* Sources */ = {
			isa = PBXSourcesBuildPhase;
			buildActionMask = 2147483647;
			files = (
				1B08D6802927140300B7038A /* RootView.swift in Sources */,
				1B5C415929EA257400BF89D2 /* Cloud.xcdatamodeld in Sources */,
				1B08D682292714D000B7038A /* GiftView.swift in Sources */,
				1B08D67A2926ED0900B7038A /* Recipient.swift in Sources */,
				1B08D67C2927112C00B7038A /* CloudController.swift in Sources */,
				1B08D6842927299500B7038A /* GiftRow.swift in Sources */,
				1B08D6762926EBCF00B7038A /* Gift.swift in Sources */,
				1B08D6782926EC6800B7038A /* GiftsData.swift in Sources */,
				1B08D6692926EB9D00B7038A /* GiftsList.swift in Sources */,
				1B08D67E2927118C00B7038A /* UserDefaults.swift in Sources */,
				1B08D6672926EB9D00B7038A /* HolidayGiftsListApp.swift in Sources */,
				1B6896CE2932B4B8004E6730 /* BiometricAuthentication.swift in Sources */,
				1B08D686292737A000B7038A /* SettingsView.swift in Sources */,
			);
			runOnlyForDeploymentPostprocessing = 0;
		};
/* End PBXSourcesBuildPhase section */

/* Begin XCBuildConfiguration section */
		1B08D6702926EB9F00B7038A /* Debug */ = {
			isa = XCBuildConfiguration;
			buildSettings = {
				ALWAYS_SEARCH_USER_PATHS = NO;
				CLANG_ANALYZER_NONNULL = YES;
				CLANG_ANALYZER_NUMBER_OBJECT_CONVERSION = YES_AGGRESSIVE;
				CLANG_CXX_LANGUAGE_STANDARD = "gnu++20";
				CLANG_ENABLE_MODULES = YES;
				CLANG_ENABLE_OBJC_ARC = YES;
				CLANG_ENABLE_OBJC_WEAK = YES;
				CLANG_WARN_BLOCK_CAPTURE_AUTORELEASING = YES;
				CLANG_WARN_BOOL_CONVERSION = YES;
				CLANG_WARN_COMMA = YES;
				CLANG_WARN_CONSTANT_CONVERSION = YES;
				CLANG_WARN_DEPRECATED_OBJC_IMPLEMENTATIONS = YES;
				CLANG_WARN_DIRECT_OBJC_ISA_USAGE = YES_ERROR;
				CLANG_WARN_DOCUMENTATION_COMMENTS = YES;
				CLANG_WARN_EMPTY_BODY = YES;
				CLANG_WARN_ENUM_CONVERSION = YES;
				CLANG_WARN_INFINITE_RECURSION = YES;
				CLANG_WARN_INT_CONVERSION = YES;
				CLANG_WARN_NON_LITERAL_NULL_CONVERSION = YES;
				CLANG_WARN_OBJC_IMPLICIT_RETAIN_SELF = YES;
				CLANG_WARN_OBJC_LITERAL_CONVERSION = YES;
				CLANG_WARN_OBJC_ROOT_CLASS = YES_ERROR;
				CLANG_WARN_QUOTED_INCLUDE_IN_FRAMEWORK_HEADER = YES;
				CLANG_WARN_RANGE_LOOP_ANALYSIS = YES;
				CLANG_WARN_STRICT_PROTOTYPES = YES;
				CLANG_WARN_SUSPICIOUS_MOVE = YES;
				CLANG_WARN_UNGUARDED_AVAILABILITY = YES_AGGRESSIVE;
				CLANG_WARN_UNREACHABLE_CODE = YES;
				CLANG_WARN__DUPLICATE_METHOD_MATCH = YES;
				COPY_PHASE_STRIP = NO;
				DEBUG_INFORMATION_FORMAT = dwarf;
				ENABLE_STRICT_OBJC_MSGSEND = YES;
				ENABLE_TESTABILITY = YES;
				GCC_C_LANGUAGE_STANDARD = gnu11;
				GCC_DYNAMIC_NO_PIC = NO;
				GCC_NO_COMMON_BLOCKS = YES;
				GCC_OPTIMIZATION_LEVEL = 0;
				GCC_PREPROCESSOR_DEFINITIONS = (
					"DEBUG=1",
					"$(inherited)",
				);
				GCC_WARN_64_TO_32_BIT_CONVERSION = YES;
				GCC_WARN_ABOUT_RETURN_TYPE = YES_ERROR;
				GCC_WARN_UNDECLARED_SELECTOR = YES;
				GCC_WARN_UNINITIALIZED_AUTOS = YES_AGGRESSIVE;
				GCC_WARN_UNUSED_FUNCTION = YES;
				GCC_WARN_UNUSED_VARIABLE = YES;
				MTL_ENABLE_DEBUG_INFO = INCLUDE_SOURCE;
				MTL_FAST_MATH = YES;
				ONLY_ACTIVE_ARCH = YES;
				SWIFT_ACTIVE_COMPILATION_CONDITIONS = DEBUG;
				SWIFT_OPTIMIZATION_LEVEL = "-Onone";
			};
			name = Debug;
		};
		1B08D6712926EB9F00B7038A /* Release */ = {
			isa = XCBuildConfiguration;
			buildSettings = {
				ALWAYS_SEARCH_USER_PATHS = NO;
				CLANG_ANALYZER_NONNULL = YES;
				CLANG_ANALYZER_NUMBER_OBJECT_CONVERSION = YES_AGGRESSIVE;
				CLANG_CXX_LANGUAGE_STANDARD = "gnu++20";
				CLANG_ENABLE_MODULES = YES;
				CLANG_ENABLE_OBJC_ARC = YES;
				CLANG_ENABLE_OBJC_WEAK = YES;
				CLANG_WARN_BLOCK_CAPTURE_AUTORELEASING = YES;
				CLANG_WARN_BOOL_CONVERSION = YES;
				CLANG_WARN_COMMA = YES;
				CLANG_WARN_CONSTANT_CONVERSION = YES;
				CLANG_WARN_DEPRECATED_OBJC_IMPLEMENTATIONS = YES;
				CLANG_WARN_DIRECT_OBJC_ISA_USAGE = YES_ERROR;
				CLANG_WARN_DOCUMENTATION_COMMENTS = YES;
				CLANG_WARN_EMPTY_BODY = YES;
				CLANG_WARN_ENUM_CONVERSION = YES;
				CLANG_WARN_INFINITE_RECURSION = YES;
				CLANG_WARN_INT_CONVERSION = YES;
				CLANG_WARN_NON_LITERAL_NULL_CONVERSION = YES;
				CLANG_WARN_OBJC_IMPLICIT_RETAIN_SELF = YES;
				CLANG_WARN_OBJC_LITERAL_CONVERSION = YES;
				CLANG_WARN_OBJC_ROOT_CLASS = YES_ERROR;
				CLANG_WARN_QUOTED_INCLUDE_IN_FRAMEWORK_HEADER = YES;
				CLANG_WARN_RANGE_LOOP_ANALYSIS = YES;
				CLANG_WARN_STRICT_PROTOTYPES = YES;
				CLANG_WARN_SUSPICIOUS_MOVE = YES;
				CLANG_WARN_UNGUARDED_AVAILABILITY = YES_AGGRESSIVE;
				CLANG_WARN_UNREACHABLE_CODE = YES;
				CLANG_WARN__DUPLICATE_METHOD_MATCH = YES;
				COPY_PHASE_STRIP = NO;
				DEBUG_INFORMATION_FORMAT = "dwarf-with-dsym";
				ENABLE_NS_ASSERTIONS = NO;
				ENABLE_STRICT_OBJC_MSGSEND = YES;
				GCC_C_LANGUAGE_STANDARD = gnu11;
				GCC_NO_COMMON_BLOCKS = YES;
				GCC_WARN_64_TO_32_BIT_CONVERSION = YES;
				GCC_WARN_ABOUT_RETURN_TYPE = YES_ERROR;
				GCC_WARN_UNDECLARED_SELECTOR = YES;
				GCC_WARN_UNINITIALIZED_AUTOS = YES_AGGRESSIVE;
				GCC_WARN_UNUSED_FUNCTION = YES;
				GCC_WARN_UNUSED_VARIABLE = YES;
				MTL_ENABLE_DEBUG_INFO = NO;
				MTL_FAST_MATH = YES;
				SWIFT_COMPILATION_MODE = wholemodule;
				SWIFT_OPTIMIZATION_LEVEL = "-O";
			};
			name = Release;
		};
		1B08D6732926EB9F00B7038A /* Debug */ = {
			isa = XCBuildConfiguration;
			buildSettings = {
				ASSETCATALOG_COMPILER_APPICON_NAME = AppIcon;
				ASSETCATALOG_COMPILER_GLOBAL_ACCENT_COLOR_NAME = AccentColor;
				CODE_SIGN_ENTITLEMENTS = "Holiday Gifts List/Holiday_Gifts_List.entitlements";
				CODE_SIGN_STYLE = Automatic;
				CURRENT_PROJECT_VERSION = 2;
				DEVELOPMENT_ASSET_PATHS = "\"Holiday Gifts List/Preview Content\"";
				DEVELOPMENT_TEAM = VA3SY54YU8;
				ENABLE_HARDENED_RUNTIME = YES;
				ENABLE_PREVIEWS = YES;
				GENERATE_INFOPLIST_FILE = YES;
				INFOPLIST_FILE = "Holiday-Gifts-List-Info.plist";
				INFOPLIST_KEY_CFBundleDisplayName = "Gifts List";
				INFOPLIST_KEY_LSApplicationCategoryType = "public.app-category.shopping";
				INFOPLIST_KEY_NSFaceIDUsageDescription = "Unlock your private list";
				"INFOPLIST_KEY_UIApplicationSceneManifest_Generation[sdk=iphoneos*]" = YES;
				"INFOPLIST_KEY_UIApplicationSceneManifest_Generation[sdk=iphonesimulator*]" = YES;
				"INFOPLIST_KEY_UIApplicationSupportsIndirectInputEvents[sdk=iphoneos*]" = YES;
				"INFOPLIST_KEY_UIApplicationSupportsIndirectInputEvents[sdk=iphonesimulator*]" = YES;
				"INFOPLIST_KEY_UILaunchScreen_Generation[sdk=iphoneos*]" = YES;
				"INFOPLIST_KEY_UILaunchScreen_Generation[sdk=iphonesimulator*]" = YES;
				"INFOPLIST_KEY_UIStatusBarStyle[sdk=iphoneos*]" = UIStatusBarStyleDefault;
				"INFOPLIST_KEY_UIStatusBarStyle[sdk=iphonesimulator*]" = UIStatusBarStyleDefault;
				INFOPLIST_KEY_UISupportedInterfaceOrientations_iPad = "UIInterfaceOrientationPortrait UIInterfaceOrientationPortraitUpsideDown UIInterfaceOrientationLandscapeLeft UIInterfaceOrientationLandscapeRight";
				INFOPLIST_KEY_UISupportedInterfaceOrientations_iPhone = "UIInterfaceOrientationPortrait UIInterfaceOrientationLandscapeLeft UIInterfaceOrientationLandscapeRight";
				IPHONEOS_DEPLOYMENT_TARGET = 16.0;
				LD_RUNPATH_SEARCH_PATHS = "@executable_path/Frameworks";
				"LD_RUNPATH_SEARCH_PATHS[sdk=macosx*]" = "@executable_path/../Frameworks";
				MACOSX_DEPLOYMENT_TARGET = 13.0;
				MARKETING_VERSION = 1.0;
				PRODUCT_BUNDLE_IDENTIFIER = com.jaydenirwin.holidaygiftslist;
				PRODUCT_NAME = "$(TARGET_NAME)";
				SDKROOT = auto;
				SUPPORTED_PLATFORMS = "iphoneos iphonesimulator macosx";
				SWIFT_EMIT_LOC_STRINGS = YES;
				SWIFT_VERSION = 5.0;
				TARGETED_DEVICE_FAMILY = "1,2";
			};
			name = Debug;
		};
		1B08D6742926EB9F00B7038A /* Release */ = {
			isa = XCBuildConfiguration;
			buildSettings = {
				ASSETCATALOG_COMPILER_APPICON_NAME = AppIcon;
				ASSETCATALOG_COMPILER_GLOBAL_ACCENT_COLOR_NAME = AccentColor;
				CODE_SIGN_ENTITLEMENTS = "Holiday Gifts List/Holiday_Gifts_List.entitlements";
				CODE_SIGN_STYLE = Automatic;
				CURRENT_PROJECT_VERSION = 2;
				DEVELOPMENT_ASSET_PATHS = "\"Holiday Gifts List/Preview Content\"";
				DEVELOPMENT_TEAM = VA3SY54YU8;
				ENABLE_HARDENED_RUNTIME = YES;
				ENABLE_PREVIEWS = YES;
				GENERATE_INFOPLIST_FILE = YES;
				INFOPLIST_FILE = "Holiday-Gifts-List-Info.plist";
				INFOPLIST_KEY_CFBundleDisplayName = "Gifts List";
				INFOPLIST_KEY_LSApplicationCategoryType = "public.app-category.shopping";
				INFOPLIST_KEY_NSFaceIDUsageDescription = "Unlock your private list";
				"INFOPLIST_KEY_UIApplicationSceneManifest_Generation[sdk=iphoneos*]" = YES;
				"INFOPLIST_KEY_UIApplicationSceneManifest_Generation[sdk=iphonesimulator*]" = YES;
				"INFOPLIST_KEY_UIApplicationSupportsIndirectInputEvents[sdk=iphoneos*]" = YES;
				"INFOPLIST_KEY_UIApplicationSupportsIndirectInputEvents[sdk=iphonesimulator*]" = YES;
				"INFOPLIST_KEY_UILaunchScreen_Generation[sdk=iphoneos*]" = YES;
				"INFOPLIST_KEY_UILaunchScreen_Generation[sdk=iphonesimulator*]" = YES;
				"INFOPLIST_KEY_UIStatusBarStyle[sdk=iphoneos*]" = UIStatusBarStyleDefault;
				"INFOPLIST_KEY_UIStatusBarStyle[sdk=iphonesimulator*]" = UIStatusBarStyleDefault;
				INFOPLIST_KEY_UISupportedInterfaceOrientations_iPad = "UIInterfaceOrientationPortrait UIInterfaceOrientationPortraitUpsideDown UIInterfaceOrientationLandscapeLeft UIInterfaceOrientationLandscapeRight";
				INFOPLIST_KEY_UISupportedInterfaceOrientations_iPhone = "UIInterfaceOrientationPortrait UIInterfaceOrientationLandscapeLeft UIInterfaceOrientationLandscapeRight";
				IPHONEOS_DEPLOYMENT_TARGET = 16.0;
				LD_RUNPATH_SEARCH_PATHS = "@executable_path/Frameworks";
				"LD_RUNPATH_SEARCH_PATHS[sdk=macosx*]" = "@executable_path/../Frameworks";
				MACOSX_DEPLOYMENT_TARGET = 13.0;
				MARKETING_VERSION = 1.0;
				PRODUCT_BUNDLE_IDENTIFIER = com.jaydenirwin.holidaygiftslist;
				PRODUCT_NAME = "$(TARGET_NAME)";
				SDKROOT = auto;
				SUPPORTED_PLATFORMS = "iphoneos iphonesimulator macosx";
				SWIFT_EMIT_LOC_STRINGS = YES;
				SWIFT_VERSION = 5.0;
				TARGETED_DEVICE_FAMILY = "1,2";
			};
			name = Release;
		};
/* End XCBuildConfiguration section */

/* Begin XCConfigurationList section */
		1B08D65E2926EB9D00B7038A /* Build configuration list for PBXProject "Holiday Gifts List" */ = {
			isa = XCConfigurationList;
			buildConfigurations = (
				1B08D6702926EB9F00B7038A /* Debug */,
				1B08D6712926EB9F00B7038A /* Release */,
			);
			defaultConfigurationIsVisible = 0;
			defaultConfigurationName = Release;
		};
		1B08D6722926EB9F00B7038A /* Build configuration list for PBXNativeTarget "Holiday Gifts List" */ = {
			isa = XCConfigurationList;
			buildConfigurations = (
				1B08D6732926EB9F00B7038A /* Debug */,
				1B08D6742926EB9F00B7038A /* Release */,
			);
			defaultConfigurationIsVisible = 0;
			defaultConfigurationName = Release;
		};
/* End XCConfigurationList section */

/* Begin XCVersionGroup section */
		1B5C415729EA257400BF89D2 /* Cloud.xcdatamodeld */ = {
			isa = XCVersionGroup;
			children = (
				1B5C415829EA257400BF89D2 /* Gift.xcdatamodel */,
			);
			currentVersion = 1B5C415829EA257400BF89D2 /* Gift.xcdatamodel */;
			path = Cloud.xcdatamodeld;
			sourceTree = "<group>";
			versionGroupType = wrapper.xcdatamodel;
		};
/* End XCVersionGroup section */
	};
	rootObject = 1B08D65B2926EB9D00B7038A /* Project object */;
}
